
Microsoft Visual Studio Solution File, Format Version 12.00
# Visual Studio 15
VisualStudioVersion = 15.0.26228.12
MinimumVisualStudioVersion = 10.0.40219.1
Project("{FAE04EC0-301F-11D3-BF4B-00C04F79EFBC}") = "SplitViewSample", "SplitViewSample\SplitViewSample.csproj", "{B32E636F-6B1D-434D-822F-A609C28CD406}"
EndProject
Project("{2150E333-8FDC-42A3-9474-1A3956D46DE8}") = "Solution Items", "Solution Items", "{39B86794-C587-4736-8EE0-43473EF98D77}"
	ProjectSection(SolutionItems) = preProject
		StyleCop.ruleset = StyleCop.ruleset
	EndProjectSection
EndProject
Project("{2150E333-8FDC-42A3-9474-1A3956D46DE8}") = "Prism.Autofac.Windows", "Prism.Autofac.Windows", "{790A64B8-553D-4AD9-AC4F-CEC66DB2764E}"
EndProject
Project("{FAE04EC0-301F-11D3-BF4B-00C04F79EFBC}") = "Prism", "..\..\Prism\Source\Prism\Prism.csproj", "{E6C50355-D01E-4CAA-884D-D7929861315C}"
EndProject
Project("{FAE04EC0-301F-11D3-BF4B-00C04F79EFBC}") = "Prism.Windows", "..\..\Prism\Source\Windows10\Prism.Windows\Prism.Windows.csproj", "{3B7C3599-A336-4DB2-8678-710E3B36203B}"
EndProject
Project("{FAE04EC0-301F-11D3-BF4B-00C04F79EFBC}") = "Prism.Autofac.Windows", "..\..\Prism\Source\Windows10\Prism.Autofac.Windows\Prism.Autofac.Windows.csproj", "{CCE23E5B-335F-4B62-A964-77E42482F49A}"
EndProject
Global
	GlobalSection(SolutionConfigurationPlatforms) = preSolution
		Debug|Any CPU = Debug|Any CPU
		Debug|ARM = Debug|ARM
		Debug|x64 = Debug|x64
		Debug|x86 = Debug|x86
		Release|Any CPU = Release|Any CPU
		Release|ARM = Release|ARM
		Release|x64 = Release|x64
		Release|x86 = Release|x86
		Test|Any CPU = Test|Any CPU
		Test|ARM = Test|ARM
		Test|x64 = Test|x64
		Test|x86 = Test|x86
	EndGlobalSection
	GlobalSection(ProjectConfigurationPlatforms) = postSolution
		{B32E636F-6B1D-434D-822F-A609C28CD406}.Debug|Any CPU.ActiveCfg = Debug|x86
		{B32E636F-6B1D-434D-822F-A609C28CD406}.Debug|ARM.ActiveCfg = Debug|ARM
		{B32E636F-6B1D-434D-822F-A609C28CD406}.Debug|ARM.Build.0 = Debug|ARM
		{B32E636F-6B1D-434D-822F-A609C28CD406}.Debug|ARM.Deploy.0 = Debug|ARM
		{B32E636F-6B1D-434D-822F-A609C28CD406}.Debug|x64.ActiveCfg = Debug|x64
		{B32E636F-6B1D-434D-822F-A609C28CD406}.Debug|x64.Build.0 = Debug|x64
		{B32E636F-6B1D-434D-822F-A609C28CD406}.Debug|x64.Deploy.0 = Debug|x64
		{B32E636F-6B1D-434D-822F-A609C28CD406}.Debug|x86.ActiveCfg = Debug|x86
		{B32E636F-6B1D-434D-822F-A609C28CD406}.Debug|x86.Build.0 = Debug|x86
		{B32E636F-6B1D-434D-822F-A609C28CD406}.Debug|x86.Deploy.0 = Debug|x86
		{B32E636F-6B1D-434D-822F-A609C28CD406}.Release|Any CPU.ActiveCfg = Release|x86
		{B32E636F-6B1D-434D-822F-A609C28CD406}.Release|ARM.ActiveCfg = Release|ARM
		{B32E636F-6B1D-434D-822F-A609C28CD406}.Release|ARM.Build.0 = Release|ARM
		{B32E636F-6B1D-434D-822F-A609C28CD406}.Release|ARM.Deploy.0 = Release|ARM
		{B32E636F-6B1D-434D-822F-A609C28CD406}.Release|x64.ActiveCfg = Release|x64
		{B32E636F-6B1D-434D-822F-A609C28CD406}.Release|x64.Build.0 = Release|x64
		{B32E636F-6B1D-434D-822F-A609C28CD406}.Release|x64.Deploy.0 = Release|x64
		{B32E636F-6B1D-434D-822F-A609C28CD406}.Release|x86.ActiveCfg = Release|x86
		{B32E636F-6B1D-434D-822F-A609C28CD406}.Release|x86.Build.0 = Release|x86
		{B32E636F-6B1D-434D-822F-A609C28CD406}.Release|x86.Deploy.0 = Release|x86
		{B32E636F-6B1D-434D-822F-A609C28CD406}.Test|Any CPU.ActiveCfg = Release|x86
		{B32E636F-6B1D-434D-822F-A609C28CD406}.Test|Any CPU.Build.0 = Release|x86
		{B32E636F-6B1D-434D-822F-A609C28CD406}.Test|Any CPU.Deploy.0 = Release|x86
		{B32E636F-6B1D-434D-822F-A609C28CD406}.Test|ARM.ActiveCfg = Release|ARM
		{B32E636F-6B1D-434D-822F-A609C28CD406}.Test|ARM.Build.0 = Release|ARM
		{B32E636F-6B1D-434D-822F-A609C28CD406}.Test|ARM.Deploy.0 = Release|ARM
		{B32E636F-6B1D-434D-822F-A609C28CD406}.Test|x64.ActiveCfg = Release|x64
		{B32E636F-6B1D-434D-822F-A609C28CD406}.Test|x64.Build.0 = Release|x64
		{B32E636F-6B1D-434D-822F-A609C28CD406}.Test|x64.Deploy.0 = Release|x64
		{B32E636F-6B1D-434D-822F-A609C28CD406}.Test|x86.ActiveCfg = Release|x86
		{B32E636F-6B1D-434D-822F-A609C28CD406}.Test|x86.Build.0 = Release|x86
		{B32E636F-6B1D-434D-822F-A609C28CD406}.Test|x86.Deploy.0 = Release|x86
		{E6C50355-D01E-4CAA-884D-D7929861315C}.Debug|Any CPU.ActiveCfg = Debug|Any CPU
		{E6C50355-D01E-4CAA-884D-D7929861315C}.Debug|Any CPU.Build.0 = Debug|Any CPU
		{E6C50355-D01E-4CAA-884D-D7929861315C}.Debug|ARM.ActiveCfg = Debug|Any CPU
		{E6C50355-D01E-4CAA-884D-D7929861315C}.Debug|ARM.Build.0 = Debug|Any CPU
		{E6C50355-D01E-4CAA-884D-D7929861315C}.Debug|x64.ActiveCfg = Debug|Any CPU
		{E6C50355-D01E-4CAA-884D-D7929861315C}.Debug|x64.Build.0 = Debug|Any CPU
		{E6C50355-D01E-4CAA-884D-D7929861315C}.Debug|x86.ActiveCfg = Debug|Any CPU
		{E6C50355-D01E-4CAA-884D-D7929861315C}.Debug|x86.Build.0 = Debug|Any CPU
		{E6C50355-D01E-4CAA-884D-D7929861315C}.Release|Any CPU.ActiveCfg = Release|Any CPU
		{E6C50355-D01E-4CAA-884D-D7929861315C}.Release|Any CPU.Build.0 = Release|Any CPU
		{E6C50355-D01E-4CAA-884D-D7929861315C}.Release|ARM.ActiveCfg = Release|Any CPU
		{E6C50355-D01E-4CAA-884D-D7929861315C}.Release|ARM.Build.0 = Release|Any CPU
		{E6C50355-D01E-4CAA-884D-D7929861315C}.Release|x64.ActiveCfg = Release|Any CPU
		{E6C50355-D01E-4CAA-884D-D7929861315C}.Release|x64.Build.0 = Release|Any CPU
		{E6C50355-D01E-4CAA-884D-D7929861315C}.Release|x86.ActiveCfg = Release|Any CPU
		{E6C50355-D01E-4CAA-884D-D7929861315C}.Release|x86.Build.0 = Release|Any CPU
		{E6C50355-D01E-4CAA-884D-D7929861315C}.Test|Any CPU.ActiveCfg = Test|Any CPU
		{E6C50355-D01E-4CAA-884D-D7929861315C}.Test|Any CPU.Build.0 = Test|Any CPU
		{E6C50355-D01E-4CAA-884D-D7929861315C}.Test|ARM.ActiveCfg = Test|Any CPU
		{E6C50355-D01E-4CAA-884D-D7929861315C}.Test|ARM.Build.0 = Test|Any CPU
		{E6C50355-D01E-4CAA-884D-D7929861315C}.Test|x64.ActiveCfg = Test|Any CPU
		{E6C50355-D01E-4CAA-884D-D7929861315C}.Test|x64.Build.0 = Test|Any CPU
		{E6C50355-D01E-4CAA-884D-D7929861315C}.Test|x86.ActiveCfg = Test|Any CPU
		{E6C50355-D01E-4CAA-884D-D7929861315C}.Test|x86.Build.0 = Test|Any CPU
		{3B7C3599-A336-4DB2-8678-710E3B36203B}.Debug|Any CPU.ActiveCfg = Debug|Any CPU
		{3B7C3599-A336-4DB2-8678-710E3B36203B}.Debug|Any CPU.Build.0 = Debug|Any CPU
		{3B7C3599-A336-4DB2-8678-710E3B36203B}.Debug|ARM.ActiveCfg = Debug|ARM
		{3B7C3599-A336-4DB2-8678-710E3B36203B}.Debug|ARM.Build.0 = Debug|ARM
		{3B7C3599-A336-4DB2-8678-710E3B36203B}.Debug|x64.ActiveCfg = Debug|x64
		{3B7C3599-A336-4DB2-8678-710E3B36203B}.Debug|x64.Build.0 = Debug|x64
		{3B7C3599-A336-4DB2-8678-710E3B36203B}.Debug|x86.ActiveCfg = Debug|x86
		{3B7C3599-A336-4DB2-8678-710E3B36203B}.Debug|x86.Build.0 = Debug|x86
		{3B7C3599-A336-4DB2-8678-710E3B36203B}.Release|Any CPU.ActiveCfg = Release|Any CPU
		{3B7C3599-A336-4DB2-8678-710E3B36203B}.Release|Any CPU.Build.0 = Release|Any CPU
		{3B7C3599-A336-4DB2-8678-710E3B36203B}.Release|ARM.ActiveCfg = Release|ARM
		{3B7C3599-A336-4DB2-8678-710E3B36203B}.Release|ARM.Build.0 = Release|ARM
		{3B7C3599-A336-4DB2-8678-710E3B36203B}.Release|x64.ActiveCfg = Release|x64
		{3B7C3599-A336-4DB2-8678-710E3B36203B}.Release|x64.Build.0 = Release|x64
		{3B7C3599-A336-4DB2-8678-710E3B36203B}.Release|x86.ActiveCfg = Release|x86
		{3B7C3599-A336-4DB2-8678-710E3B36203B}.Release|x86.Build.0 = Release|x86
		{3B7C3599-A336-4DB2-8678-710E3B36203B}.Test|Any CPU.ActiveCfg = Release|Any CPU
		{3B7C3599-A336-4DB2-8678-710E3B36203B}.Test|Any CPU.Build.0 = Release|Any CPU
		{3B7C3599-A336-4DB2-8678-710E3B36203B}.Test|ARM.ActiveCfg = Release|ARM
		{3B7C3599-A336-4DB2-8678-710E3B36203B}.Test|ARM.Build.0 = Release|ARM
		{3B7C3599-A336-4DB2-8678-710E3B36203B}.Test|x64.ActiveCfg = Release|x64
		{3B7C3599-A336-4DB2-8678-710E3B36203B}.Test|x64.Build.0 = Release|x64
		{3B7C3599-A336-4DB2-8678-710E3B36203B}.Test|x86.ActiveCfg = Release|x86
		{3B7C3599-A336-4DB2-8678-710E3B36203B}.Test|x86.Build.0 = Release|x86
		{CCE23E5B-335F-4B62-A964-77E42482F49A}.Debug|Any CPU.ActiveCfg = Debug|Any CPU
		{CCE23E5B-335F-4B62-A964-77E42482F49A}.Debug|Any CPU.Build.0 = Debug|Any CPU
		{CCE23E5B-335F-4B62-A964-77E42482F49A}.Debug|ARM.ActiveCfg = Debug|ARM
		{CCE23E5B-335F-4B62-A964-77E42482F49A}.Debug|ARM.Build.0 = Debug|ARM
		{CCE23E5B-335F-4B62-A964-77E42482F49A}.Debug|x64.ActiveCfg = Debug|x64
		{CCE23E5B-335F-4B62-A964-77E42482F49A}.Debug|x64.Build.0 = Debug|x64
		{CCE23E5B-335F-4B62-A964-77E42482F49A}.Debug|x86.ActiveCfg = Debug|x86
		{CCE23E5B-335F-4B62-A964-77E42482F49A}.Debug|x86.Build.0 = Debug|x86
		{CCE23E5B-335F-4B62-A964-77E42482F49A}.Release|Any CPU.ActiveCfg = Release|Any CPU
		{CCE23E5B-335F-4B62-A964-77E42482F49A}.Release|Any CPU.Build.0 = Release|Any CPU
		{CCE23E5B-335F-4B62-A964-77E42482F49A}.Release|ARM.ActiveCfg = Release|ARM
		{CCE23E5B-335F-4B62-A964-77E42482F49A}.Release|ARM.Build.0 = Release|ARM
		{CCE23E5B-335F-4B62-A964-77E42482F49A}.Release|x64.ActiveCfg = Release|x64
		{CCE23E5B-335F-4B62-A964-77E42482F49A}.Release|x64.Build.0 = Release|x64
		{CCE23E5B-335F-4B62-A964-77E42482F49A}.Release|x86.ActiveCfg = Release|x86
		{CCE23E5B-335F-4B62-A964-77E42482F49A}.Release|x86.Build.0 = Release|x86
		{CCE23E5B-335F-4B62-A964-77E42482F49A}.Test|Any CPU.ActiveCfg = Release|Any CPU
		{CCE23E5B-335F-4B62-A964-77E42482F49A}.Test|Any CPU.Build.0 = Release|Any CPU
		{CCE23E5B-335F-4B62-A964-77E42482F49A}.Test|ARM.ActiveCfg = Release|ARM
		{CCE23E5B-335F-4B62-A964-77E42482F49A}.Test|ARM.Build.0 = Release|ARM
		{CCE23E5B-335F-4B62-A964-77E42482F49A}.Test|x64.ActiveCfg = Release|x64
		{CCE23E5B-335F-4B62-A964-77E42482F49A}.Test|x64.Build.0 = Release|x64
		{CCE23E5B-335F-4B62-A964-77E42482F49A}.Test|x86.ActiveCfg = Release|x86
		{CCE23E5B-335F-4B62-A964-77E42482F49A}.Test|x86.Build.0 = Release|x86
	EndGlobalSection
	GlobalSection(SolutionProperties) = preSolution
		HideSolutionNode = FALSE
	EndGlobalSection
	GlobalSection(NestedProjects) = preSolution
		{E6C50355-D01E-4CAA-884D-D7929861315C} = {790A64B8-553D-4AD9-AC4F-CEC66DB2764E}
		{3B7C3599-A336-4DB2-8678-710E3B36203B} = {790A64B8-553D-4AD9-AC4F-CEC66DB2764E}
		{CCE23E5B-335F-4B62-A964-77E42482F49A} = {790A64B8-553D-4AD9-AC4F-CEC66DB2764E}
	EndGlobalSection
EndGlobal
